<?xml version="1.0" encoding="utf-8"?>
<Project ToolsVersion="4.0" xmlns="http://schemas.microsoft.com/developer/msbuild/2003">
  <ItemGroup>
    <Filter Include="Source Files">
      <UniqueIdentifier>{4FC737F1-C7A5-4376-A066-2A32D752A2FF}</UniqueIdentifier>
      <Extensions>cpp;c;cc;cxx;def;odl;idl;hpj;bat;asm;asmx</Extensions>
    </Filter>
    <Filter Include="Header Files">
      <UniqueIdentifier>{93995380-89BD-4b04-88EB-625FBE52EBFB}</UniqueIdentifier>
      <Extensions>h;hh;hpp;hxx;hm;inl;inc;xsd</Extensions>
    </Filter>
    <Filter Include="Resource Files">
      <UniqueIdentifier>{D9D6E242-F8AF-46E4-B9FD-80ECBC20BA3E}</UniqueIdentifier>
      <Extensions>qrc;*</Extensions>
      <ParseFiles>false</ParseFiles>
    </Filter>
    <Filter Include="Resource Files">
      <UniqueIdentifier>{D9D6E242-F8AF-46E4-B9FD-80ECBC20BA3E}</UniqueIdentifier>
      <Extensions>qrc;*</Extensions>
      <ParseFiles>false</ParseFiles>
    </Filter>
    <Filter Include="Generated Files">
      <UniqueIdentifier>{71ED8ED8-ACB9-4CE9-BBE1-E00B30144E11}</UniqueIdentifier>
      <Extensions>moc;h;cpp</Extensions>
      <SourceControlFiles>False</SourceControlFiles>
    </Filter>
    <Filter Include="Generated Files\Debug">
      <UniqueIdentifier>{bd10cf31-56bd-45b2-a557-756305d05a9d}</UniqueIdentifier>
      <Extensions>cpp;moc</Extensions>
      <SourceControlFiles>False</SourceControlFiles>
    </Filter>
    <Filter Include="Generated Files\Release">
      <UniqueIdentifier>{d6f3609f-8bda-4886-b6d2-1ab0d41591c0}</UniqueIdentifier>
      <Extensions>cpp;moc</Extensions>
      <SourceControlFiles>False</SourceControlFiles>
    </Filter>
  </ItemGroup>
  <ItemGroup>
    <ClCompile Include="plugin\algo.cpp">
      <Filter>Source Files</Filter>
    </ClCompile>
    <ClCompile Include="plugin\pluginInstance.cpp">
      <Filter>Source Files</Filter>
    </ClCompile>
    <ClCompile Include="GeneratedFiles\Debug\moc_pluginInstance.cpp">
      <Filter>Generated Files\Debug</Filter>
    </ClCompile>
    <ClCompile Include="GeneratedFiles\Release\moc_pluginInstance.cpp">
      <Filter>Generated Files\Release</Filter>
    </ClCompile>
    <ClCompile Include="geometry\emxBBoxD.cpp">
      <Filter>Source Files</Filter>
    </ClCompile>
    <ClCompile Include="geometry\emxFace.cpp">
      <Filter>Source Files</Filter>
    </ClCompile>
    <ClCompile Include="geometry\emxKdTreeD.cpp">
      <Filter>Source Files</Filter>
    </ClCompile>
    <ClCompile Include="geometry\emxModel.cpp">
      <Filter>Source Files</Filter>
    </ClCompile>
    <ClCompile Include="geometry\emxVertex.cpp">
      <Filter>Source Files</Filter>
    </ClCompile>
    <ClCompile Include="geometry\SphereBeam.cpp">
      <Filter>Source Files</Filter>
    </ClCompile>
    <ClCompile Include="util\ArcBall.cpp">
      <Filter>Source Files</Filter>
    </ClCompile>
    <ClCompile Include="util\Color.cpp">
      <Filter>Source Files</Filter>
    </ClCompile>
    <ClCompile Include="util\emxCamera.cpp">
      <Filter>Source Files</Filter>
    </ClCompile>
    <ClCompile Include="util\HsvToRgb.cpp">
      <Filter>Source Files</Filter>
    </ClCompile>
    <ClCompile Include="util\Quaternion.cpp">
      <Filter>Source Files</Filter>
    </ClCompile>
    <ClCompile Include="height\canny.cpp">
      <Filter>Source Files</Filter>
    </ClCompile>
    <ClCompile Include="height\IO_obj.cpp">
      <Filter>Source Files</Filter>
    </ClCompile>
    <ClCompile Include="height\point.cpp">
      <Filter>Source Files</Filter>
    </ClCompile>
    <ClCompile Include="height\readGrid.cpp">
      <Filter>Source Files</Filter>
    </ClCompile>
    <ClCompile Include="height\TriMesh.cpp">
      <Filter>Source Files</Filter>
    </ClCompile>
    <ClCompile Include="height\TriSimplify.cpp">
      <Filter>Source Files</Filter>
    </ClCompile>
  </ItemGroup>
  <ItemGroup>
    <CustomBuild Include="plugin\pluginInstance.h">
      <Filter>Header Files</Filter>
    </CustomBuild>
    <CustomBuild Include="plugin\algo.h">
      <Filter>Header Files</Filter>
    </CustomBuild>
    <CustomBuild Include="plugin\PluginInterface.h">
      <Filter>Header Files</Filter>
    </CustomBuild>
    <CustomBuild Include="geometry\emxBBoxD.h">
      <Filter>Header Files</Filter>
    </CustomBuild>
    <CustomBuild Include="geometry\emxFace.h">
      <Filter>Header Files</Filter>
    </CustomBuild>
    <CustomBuild Include="geometry\emxKdTreeD.h">
      <Filter>Header Files</Filter>
    </CustomBuild>
    <CustomBuild Include="geometry\emxModel.h">
      <Filter>Header Files</Filter>
    </CustomBuild>
    <CustomBuild Include="geometry\emxPoint.h">
      <Filter>Header Files</Filter>
    </CustomBuild>
    <CustomBuild Include="geometry\emxRayD.h">
      <Filter>Header Files</Filter>
    </CustomBuild>
    <CustomBuild Include="geometry\emxVertex.h">
      <Filter>Header Files</Filter>
    </CustomBuild>
    <CustomBuild Include="geometry\SphereBeam.h">
      <Filter>Header Files</Filter>
    </CustomBuild>
    <CustomBuild Include="util\ArcBall.h">
      <Filter>Header Files</Filter>
    </CustomBuild>
    <CustomBuild Include="util\Color.h">
      <Filter>Header Files</Filter>
    </CustomBuild>
    <CustomBuild Include="util\emxCamera.h">
      <Filter>Header Files</Filter>
    </CustomBuild>
    <CustomBuild Include="util\emxRenderUtility.h">
      <Filter>Header Files</Filter>
    </CustomBuild>
    <CustomBuild Include="util\emxUtilityInc.h">
      <Filter>Header Files</Filter>
    </CustomBuild>
    <CustomBuild Include="util\HsvToRgb.h">
      <Filter>Header Files</Filter>
    </CustomBuild>
    <CustomBuild Include="util\PredictionIndex.h">
      <Filter>Header Files</Filter>
    </CustomBuild>
    <CustomBuild Include="util\Quaternion.h">
      <Filter>Header Files</Filter>
    </CustomBuild>
    <CustomBuild Include="util\vector.h">
      <Filter>Header Files</Filter>
    </CustomBuild>
    <CustomBuild Include="height\canny.h">
      <Filter>Header Files</Filter>
    </CustomBuild>
    <CustomBuild Include="height\defaultPara.h">
      <Filter>Header Files</Filter>
    </CustomBuild>
    <CustomBuild Include="height\IO_obj.h">
      <Filter>Header Files</Filter>
    </CustomBuild>
    <CustomBuild Include="height\point.h">
      <Filter>Header Files</Filter>
    </CustomBuild>
    <CustomBuild Include="height\readGrid.h">
      <Filter>Header Files</Filter>
    </CustomBuild>
    <CustomBuild Include="height\TriMesh.h">
      <Filter>Header Files</Filter>
    </CustomBuild>
    <CustomBuild Include="height\TriSimplify.h">
      <Filter>Header Files</Filter>
    </CustomBuild>
  </ItemGroup>
</Project>