<?xml version="1.0" encoding="utf-8"?>
<Project ToolsVersion="4.0" xmlns="http://schemas.microsoft.com/developer/msbuild/2003">
  <ItemGroup>
    <Filter Include="源文件">
      <UniqueIdentifier>{4FC737F1-C7A5-4376-A066-2A32D752A2FF}</UniqueIdentifier>
      <Extensions>cpp;c;cc;cxx;def;odl;idl;hpj;bat;asm;asmx</Extensions>
    </Filter>
    <Filter Include="头文件">
      <UniqueIdentifier>{93995380-89BD-4b04-88EB-625FBE52EBFB}</UniqueIdentifier>
      <Extensions>h;hh;hpp;hxx;hm;inl;inc;xsd</Extensions>
    </Filter>
    <Filter Include="资源文件">
      <UniqueIdentifier>{67DA6AB6-F800-4c08-8B7A-83BB121AAD01}</UniqueIdentifier>
      <Extensions>rc;ico;cur;bmp;dlg;rc2;rct;bin;rgs;gif;jpg;jpeg;jpe;resx;tiff;tif;png;wav;mfcribbon-ms</Extensions>
    </Filter>
  </ItemGroup>
  <ItemGroup>
    <Text Include="ReadMe.txt" />
  </ItemGroup>
  <ItemGroup>
    <ClCompile Include="Antenna\antenna.cpp">
      <Filter>源文件</Filter>
    </ClCompile>
    <ClCompile Include="canny\cannyImage.cpp">
      <Filter>源文件</Filter>
    </ClCompile>
    <ClCompile Include="cityModule\cityBuilding.cpp">
      <Filter>源文件</Filter>
    </ClCompile>
    <ClCompile Include="cityModule\cityGround.cpp">
      <Filter>源文件</Filter>
    </ClCompile>
    <ClCompile Include="cityModule\cityGroundVector.cpp">
      <Filter>源文件</Filter>
    </ClCompile>
    <ClCompile Include="cityModule\cityScene.cpp">
      <Filter>源文件</Filter>
    </ClCompile>
    <ClCompile Include="material\scsMaterial.cpp">
      <Filter>源文件</Filter>
    </ClCompile>
    <ClCompile Include="mesh\IO_obj.cpp">
      <Filter>源文件</Filter>
    </ClCompile>
    <ClCompile Include="mesh\Mesh.cpp">
      <Filter>源文件</Filter>
    </ClCompile>
    <ClCompile Include="para\computePara.cpp">
      <Filter>源文件</Filter>
    </ClCompile>
    <ClCompile Include="para\modelPara.cpp">
      <Filter>源文件</Filter>
    </ClCompile>
    <ClCompile Include="para\visualPara.cpp">
      <Filter>源文件</Filter>
    </ClCompile>
    <ClCompile Include="util\Color.cpp">
      <Filter>源文件</Filter>
    </ClCompile>
    <ClCompile Include="util\stringUtil.cpp">
      <Filter>源文件</Filter>
    </ClCompile>
    <ClCompile Include="para\baseModel.cpp">
      <Filter>源文件</Filter>
    </ClCompile>
  </ItemGroup>
  <ItemGroup>
    <ClInclude Include="Antenna\antenna.h">
      <Filter>头文件</Filter>
    </ClInclude>
    <ClInclude Include="Antenna\receiver.h">
      <Filter>头文件</Filter>
    </ClInclude>
    <ClInclude Include="canny\cannyImage.h">
      <Filter>头文件</Filter>
    </ClInclude>
    <ClInclude Include="cityModule\cityBuilding.h">
      <Filter>头文件</Filter>
    </ClInclude>
    <ClInclude Include="cityModule\cityGround.h">
      <Filter>头文件</Filter>
    </ClInclude>
    <ClInclude Include="cityModule\cityGroundVector.h">
      <Filter>头文件</Filter>
    </ClInclude>
    <ClInclude Include="cityModule\cityScene.h">
      <Filter>头文件</Filter>
    </ClInclude>
    <ClInclude Include="material\scsMaterial.h">
      <Filter>头文件</Filter>
    </ClInclude>
    <ClInclude Include="mesh\IO_obj.h">
      <Filter>头文件</Filter>
    </ClInclude>
    <ClInclude Include="mesh\Mesh.h">
      <Filter>头文件</Filter>
    </ClInclude>
    <ClInclude Include="mesh\meshStruct.h">
      <Filter>头文件</Filter>
    </ClInclude>
    <ClInclude Include="mesh\point.h">
      <Filter>头文件</Filter>
    </ClInclude>
    <ClInclude Include="para\computePara.h">
      <Filter>头文件</Filter>
    </ClInclude>
    <ClInclude Include="para\modelPara.h">
      <Filter>头文件</Filter>
    </ClInclude>
    <ClInclude Include="para\visualPara.h">
      <Filter>头文件</Filter>
    </ClInclude>
    <ClInclude Include="util\Color.h">
      <Filter>头文件</Filter>
    </ClInclude>
    <ClInclude Include="util\EField.h">
      <Filter>头文件</Filter>
    </ClInclude>
    <ClInclude Include="util\emxUtilityInc.h">
      <Filter>头文件</Filter>
    </ClInclude>
    <ClInclude Include="util\stringUtil.h">
      <Filter>头文件</Filter>
    </ClInclude>
    <ClInclude Include="util\vector.h">
      <Filter>头文件</Filter>
    </ClInclude>
    <ClInclude Include="util\computationEnum.h">
      <Filter>头文件</Filter>
    </ClInclude>
    <ClInclude Include="para\baseModel.h">
      <Filter>头文件</Filter>
    </ClInclude>
  </ItemGroup>
</Project>