
Microsoft Visual Studio Solution File, Format Version 12.00
# Visual Studio 2013
VisualStudioVersion = 12.0.21005.1
MinimumVisualStudioVersion = 10.0.40219.1
Project("{8BC9CEB8-8B4A-11D0-8D11-00A0C91BC942}") = "SCS_openMesh", "SCS_openMesh\SCS_openMesh.vcxproj", "{B12702AD-ABFB-343A-A199-8E24837244A3}"
EndProject
Project("{2150E333-8FDC-42A3-9474-1A3956D46DE8}") = "Solution Items", "Solution Items", "{37888EFB-9D25-4A08-A2F1-D10738313C6E}"
EndProject
Project("{8BC9CEB8-8B4A-11D0-8D11-00A0C91BC942}") = "CSM", "CSM\CSM.vcxproj", "{8874FB13-2EE6-44BF-A290-14BB2D6B83AE}"
EndProject
Project("{8BC9CEB8-8B4A-11D0-8D11-00A0C91BC942}") = "RaysimPlugin", "RaysimPlugin\RaysimPlugin.vcxproj", "{D7449727-6177-40E3-B8E4-FAFBFE4EA197}"
EndProject
Global
	GlobalSection(SolutionConfigurationPlatforms) = preSolution
		Debug|Mixed Platforms = Debug|Mixed Platforms
		Debug|Win32 = Debug|Win32
		Debug|x64 = Debug|x64
		Release|Mixed Platforms = Release|Mixed Platforms
		Release|Win32 = Release|Win32
		Release|x64 = Release|x64
	EndGlobalSection
	GlobalSection(ProjectConfigurationPlatforms) = postSolution
		{B12702AD-ABFB-343A-A199-8E24837244A3}.Debug|Mixed Platforms.ActiveCfg = Debug|x64
		{B12702AD-ABFB-343A-A199-8E24837244A3}.Debug|Mixed Platforms.Build.0 = Debug|x64
		{B12702AD-ABFB-343A-A199-8E24837244A3}.Debug|Win32.ActiveCfg = Debug|x64
		{B12702AD-ABFB-343A-A199-8E24837244A3}.Debug|x64.ActiveCfg = Debug|x64
		{B12702AD-ABFB-343A-A199-8E24837244A3}.Debug|x64.Build.0 = Debug|x64
		{B12702AD-ABFB-343A-A199-8E24837244A3}.Release|Mixed Platforms.ActiveCfg = Release|x64
		{B12702AD-ABFB-343A-A199-8E24837244A3}.Release|Mixed Platforms.Build.0 = Release|x64
		{B12702AD-ABFB-343A-A199-8E24837244A3}.Release|Win32.ActiveCfg = Release|x64
		{B12702AD-ABFB-343A-A199-8E24837244A3}.Release|x64.ActiveCfg = Release|x64
		{B12702AD-ABFB-343A-A199-8E24837244A3}.Release|x64.Build.0 = Release|x64
		{8874FB13-2EE6-44BF-A290-14BB2D6B83AE}.Debug|Mixed Platforms.ActiveCfg = Debug|x64
		{8874FB13-2EE6-44BF-A290-14BB2D6B83AE}.Debug|Mixed Platforms.Build.0 = Debug|x64
		{8874FB13-2EE6-44BF-A290-14BB2D6B83AE}.Debug|Win32.ActiveCfg = Debug|Win32
		{8874FB13-2EE6-44BF-A290-14BB2D6B83AE}.Debug|Win32.Build.0 = Debug|Win32
		{8874FB13-2EE6-44BF-A290-14BB2D6B83AE}.Debug|x64.ActiveCfg = Debug|x64
		{8874FB13-2EE6-44BF-A290-14BB2D6B83AE}.Debug|x64.Build.0 = Debug|x64
		{8874FB13-2EE6-44BF-A290-14BB2D6B83AE}.Release|Mixed Platforms.ActiveCfg = Release|x64
		{8874FB13-2EE6-44BF-A290-14BB2D6B83AE}.Release|Mixed Platforms.Build.0 = Release|x64
		{8874FB13-2EE6-44BF-A290-14BB2D6B83AE}.Release|Win32.ActiveCfg = Release|Win32
		{8874FB13-2EE6-44BF-A290-14BB2D6B83AE}.Release|Win32.Build.0 = Release|Win32
		{8874FB13-2EE6-44BF-A290-14BB2D6B83AE}.Release|x64.ActiveCfg = Release|x64
		{D7449727-6177-40E3-B8E4-FAFBFE4EA197}.Debug|Mixed Platforms.ActiveCfg = Debug|x64
		{D7449727-6177-40E3-B8E4-FAFBFE4EA197}.Debug|Mixed Platforms.Build.0 = Debug|x64
		{D7449727-6177-40E3-B8E4-FAFBFE4EA197}.Debug|Win32.ActiveCfg = Debug|x64
		{D7449727-6177-40E3-B8E4-FAFBFE4EA197}.Debug|x64.ActiveCfg = Debug|x64
		{D7449727-6177-40E3-B8E4-FAFBFE4EA197}.Debug|x64.Build.0 = Debug|x64
		{D7449727-6177-40E3-B8E4-FAFBFE4EA197}.Release|Mixed Platforms.ActiveCfg = Release|x64
		{D7449727-6177-40E3-B8E4-FAFBFE4EA197}.Release|Mixed Platforms.Build.0 = Release|x64
		{D7449727-6177-40E3-B8E4-FAFBFE4EA197}.Release|Win32.ActiveCfg = Release|x64
		{D7449727-6177-40E3-B8E4-FAFBFE4EA197}.Release|x64.ActiveCfg = Release|x64
		{D7449727-6177-40E3-B8E4-FAFBFE4EA197}.Release|x64.Build.0 = Release|x64
	EndGlobalSection
	GlobalSection(SolutionProperties) = preSolution
		HideSolutionNode = FALSE
	EndGlobalSection
	GlobalSection(ExtensibilityGlobals) = postSolution
		Qt5Version = msvc2013_64
	EndGlobalSection
EndGlobal
