<?xml version="1.0" encoding="utf-8"?>
<Project ToolsVersion="4.0" xmlns="http://schemas.microsoft.com/developer/msbuild/2003">
  <ItemGroup>
    <Filter Include="Source Files">
      <UniqueIdentifier>{4FC737F1-C7A5-4376-A066-2A32D752A2FF}</UniqueIdentifier>
      <Extensions>cpp;c;cc;cxx;def;odl;idl;hpj;bat;asm;asmx</Extensions>
    </Filter>
    <Filter Include="Header Files">
      <UniqueIdentifier>{93995380-89BD-4b04-88EB-625FBE52EBFB}</UniqueIdentifier>
      <Extensions>h;hh;hpp;hxx;hm;inl;inc;xsd</Extensions>
    </Filter>
    <Filter Include="Resource Files">
      <UniqueIdentifier>{67DA6AB6-F800-4c08-8B7A-83BB121AAD01}</UniqueIdentifier>
      <Extensions>rc;ico;cur;bmp;dlg;rc2;rct;bin;rgs;gif;jpg;jpeg;jpe;resx;tiff;tif;png;wav;mfcribbon-ms</Extensions>
    </Filter>
    <Filter Include="Resource Files">
      <UniqueIdentifier>{D9D6E242-F8AF-46E4-B9FD-80ECBC20BA3E}</UniqueIdentifier>
      <Extensions>qrc;*</Extensions>
      <ParseFiles>false</ParseFiles>
    </Filter>
    <Filter Include="Generated Files">
      <UniqueIdentifier>{71ED8ED8-ACB9-4CE9-BBE1-E00B30144E11}</UniqueIdentifier>
      <Extensions>moc;h;cpp</Extensions>
      <SourceControlFiles>False</SourceControlFiles>
    </Filter>
    <Filter Include="Generated Files\Debug">
      <UniqueIdentifier>{b731dc49-30c0-4190-8442-bc6d2a752aba}</UniqueIdentifier>
      <Extensions>cpp;moc</Extensions>
      <SourceControlFiles>False</SourceControlFiles>
    </Filter>
    <Filter Include="Generated Files\Release">
      <UniqueIdentifier>{a06e0b13-84a4-4808-aa7a-5427dd2f6031}</UniqueIdentifier>
      <Extensions>cpp;moc</Extensions>
      <SourceControlFiles>False</SourceControlFiles>
    </Filter>
  </ItemGroup>
  <ItemGroup>
    <ClCompile Include="main.cpp">
      <Filter>Source Files</Filter>
    </ClCompile>
    <ClCompile Include="Context\context.cpp">
      <Filter>Source Files</Filter>
    </ClCompile>
    <ClCompile Include="GeneratedFiles\Debug\moc_computeOptionPage.cpp">
      <Filter>Source Files</Filter>
    </ClCompile>
    <ClCompile Include="GeneratedFiles\Debug\moc_computerOptionDialog.cpp">
      <Filter>Source Files</Filter>
    </ClCompile>
    <ClCompile Include="GeneratedFiles\Debug\moc_glWidget.cpp">
      <Filter>Source Files</Filter>
    </ClCompile>
    <ClCompile Include="GeneratedFiles\Debug\moc_InfoPage.cpp">
      <Filter>Source Files</Filter>
    </ClCompile>
    <ClCompile Include="GeneratedFiles\Debug\moc_mainwindow.cpp">
      <Filter>Source Files</Filter>
    </ClCompile>
    <ClCompile Include="GeneratedFiles\Debug\moc_meshOption.cpp">
      <Filter>Source Files</Filter>
    </ClCompile>
    <ClCompile Include="GeneratedFiles\Debug\moc_outdoorFile.cpp">
      <Filter>Source Files</Filter>
    </ClCompile>
    <ClCompile Include="GeneratedFiles\Release\moc_computeOptionPage.cpp">
      <Filter>Source Files</Filter>
    </ClCompile>
    <ClCompile Include="GeneratedFiles\Release\moc_computerOptionDialog.cpp">
      <Filter>Source Files</Filter>
    </ClCompile>
    <ClCompile Include="GeneratedFiles\Release\moc_glWidget.cpp">
      <Filter>Source Files</Filter>
    </ClCompile>
    <ClCompile Include="GeneratedFiles\Release\moc_InfoPage.cpp">
      <Filter>Source Files</Filter>
    </ClCompile>
    <ClCompile Include="GeneratedFiles\Release\moc_mainwindow.cpp">
      <Filter>Source Files</Filter>
    </ClCompile>
    <ClCompile Include="GeneratedFiles\Release\moc_meshOption.cpp">
      <Filter>Source Files</Filter>
    </ClCompile>
    <ClCompile Include="GeneratedFiles\Release\moc_outdoorFile.cpp">
      <Filter>Source Files</Filter>
    </ClCompile>
    <ClCompile Include="geometry\emxBBoxD.cpp">
      <Filter>Source Files</Filter>
    </ClCompile>
    <ClCompile Include="geometry\emxFace.cpp">
      <Filter>Source Files</Filter>
    </ClCompile>
    <ClCompile Include="geometry\emxModel.cpp">
      <Filter>Source Files</Filter>
    </ClCompile>
    <ClCompile Include="geometry\emxVertex.cpp">
      <Filter>Source Files</Filter>
    </ClCompile>
    <ClCompile Include="geometry\SphereBeam.cpp">
      <Filter>Source Files</Filter>
    </ClCompile>
    <ClCompile Include="glWidget.cpp">
      <Filter>Source Files</Filter>
    </ClCompile>
    <ClCompile Include="io\io_simuPlane.cpp">
      <Filter>Source Files</Filter>
    </ClCompile>
    <ClCompile Include="ui\computeOptionPage.cpp">
      <Filter>Source Files</Filter>
    </ClCompile>
    <ClCompile Include="ui\computerOptionDialog.cpp">
      <Filter>Source Files</Filter>
    </ClCompile>
    <ClCompile Include="ui\InfoPage.cpp">
      <Filter>Source Files</Filter>
    </ClCompile>
    <ClCompile Include="ui\mainwindow.cpp">
      <Filter>Source Files</Filter>
    </ClCompile>
    <ClCompile Include="ui\meshOption.cpp">
      <Filter>Source Files</Filter>
    </ClCompile>
    <ClCompile Include="ui\outdoorFile.cpp">
      <Filter>Source Files</Filter>
    </ClCompile>
    <ClCompile Include="util\ArcBall.cpp">
      <Filter>Source Files</Filter>
    </ClCompile>
    <ClCompile Include="util\emxCamera.cpp">
      <Filter>Source Files</Filter>
    </ClCompile>
    <ClCompile Include="util\HsvToRgb.cpp">
      <Filter>Source Files</Filter>
    </ClCompile>
    <ClCompile Include="util\Quaternion.cpp">
      <Filter>Source Files</Filter>
    </ClCompile>
    <ClCompile Include="Model\cityModel\cityModel.cpp">
      <Filter>Source Files</Filter>
    </ClCompile>
    <ClCompile Include="Model\abstractModel.cpp">
      <Filter>Source Files</Filter>
    </ClCompile>
    <ClCompile Include="GeneratedFiles\Debug\moc_scsTree.cpp">
      <Filter>Generated Files\Debug</Filter>
    </ClCompile>
    <ClCompile Include="GeneratedFiles\Release\moc_scsTree.cpp">
      <Filter>Generated Files\Release</Filter>
    </ClCompile>
    <ClCompile Include="ui\tree\scsTree.cpp">
      <Filter>Source Files</Filter>
    </ClCompile>
    <ClCompile Include="GeneratedFiles\Debug\moc_scsTreeItem.cpp">
      <Filter>Generated Files\Debug</Filter>
    </ClCompile>
    <ClCompile Include="GeneratedFiles\Release\moc_scsTreeItem.cpp">
      <Filter>Generated Files\Release</Filter>
    </ClCompile>
    <ClCompile Include="ui\tree\scsTreeItem.cpp">
      <Filter>Source Files</Filter>
    </ClCompile>
    <ClCompile Include="GeneratedFiles\Debug\moc_scsModelTree.cpp">
      <Filter>Generated Files\Debug</Filter>
    </ClCompile>
    <ClCompile Include="ui\tree\scsModelTree.cpp">
      <Filter>Source Files</Filter>
    </ClCompile>
    <ClCompile Include="GeneratedFiles\Release\moc_scsModelTree.cpp">
      <Filter>Generated Files\Release</Filter>
    </ClCompile>
    <ClCompile Include="ui\tree\scsTreeWidget.cpp">
      <Filter>Source Files</Filter>
    </ClCompile>
    <ClCompile Include="GeneratedFiles\Debug\moc_scsTreeWidget.cpp">
      <Filter>Generated Files\Debug</Filter>
    </ClCompile>
    <ClCompile Include="GeneratedFiles\Release\moc_scsTreeWidget.cpp">
      <Filter>Generated Files\Release</Filter>
    </ClCompile>
    <ClCompile Include="Model\abstractModelFactory.cpp">
      <Filter>Source Files</Filter>
    </ClCompile>
    <ClCompile Include="Model\cityModel\cityModelFactory.cpp">
      <Filter>Source Files</Filter>
    </ClCompile>
    <ClCompile Include="Model\modelManager.cpp">
      <Filter>Source Files</Filter>
    </ClCompile>
    <ClCompile Include="visualData\visualModelItem.cpp">
      <Filter>Source Files</Filter>
    </ClCompile>
    <ClCompile Include="observer\modelSubject.cpp">
      <Filter>Source Files</Filter>
    </ClCompile>
    <ClCompile Include="ui\scsModelTable.cpp">
      <Filter>Source Files</Filter>
    </ClCompile>
    <ClCompile Include="GeneratedFiles\Debug\moc_scsModelTable.cpp">
      <Filter>Generated Files\Debug</Filter>
    </ClCompile>
    <ClCompile Include="GeneratedFiles\Release\moc_scsModelTable.cpp">
      <Filter>Generated Files\Release</Filter>
    </ClCompile>
    <ClCompile Include="Model\cityModel\cityLocalModel.cpp">
      <Filter>Source Files</Filter>
    </ClCompile>
    <ClCompile Include="Computation\computeManager.cpp">
      <Filter>Source Files</Filter>
    </ClCompile>
    <ClCompile Include="Material\materialManager.cpp">
      <Filter>Source Files</Filter>
    </ClCompile>
    <ClCompile Include="visualData\visualAntennaItem.cpp">
      <Filter>Source Files</Filter>
    </ClCompile>
    <ClCompile Include="observer\antennaSubject.cpp">
      <Filter>Source Files</Filter>
    </ClCompile>
    <ClCompile Include="ui\scsGLWidget.cpp">
      <Filter>Source Files</Filter>
    </ClCompile>
    <ClCompile Include="ui\scsSimuPlaneGLWidget.cpp">
      <Filter>Source Files</Filter>
    </ClCompile>
  </ItemGroup>
  <ItemGroup>
    <ClInclude Include="Context\context.h">
      <Filter>Header Files</Filter>
    </ClInclude>
    <ClInclude Include="GeneratedFiles\ui_mainwindow.h">
      <Filter>Header Files</Filter>
    </ClInclude>
    <ClInclude Include="GeneratedFiles\ui_outdoorFile.h">
      <Filter>Header Files</Filter>
    </ClInclude>
    <ClInclude Include="geometry\dataStruct.h">
      <Filter>Header Files</Filter>
    </ClInclude>
    <ClInclude Include="geometry\emxBBoxD.h">
      <Filter>Header Files</Filter>
    </ClInclude>
    <ClInclude Include="geometry\emxFace.h">
      <Filter>Header Files</Filter>
    </ClInclude>
    <ClInclude Include="geometry\emxModel.h">
      <Filter>Header Files</Filter>
    </ClInclude>
    <ClInclude Include="geometry\emxPoint.h">
      <Filter>Header Files</Filter>
    </ClInclude>
    <ClInclude Include="geometry\emxRayD.h">
      <Filter>Header Files</Filter>
    </ClInclude>
    <ClInclude Include="geometry\emxVertex.h">
      <Filter>Header Files</Filter>
    </ClInclude>
    <ClInclude Include="geometry\SphereBeam.h">
      <Filter>Header Files</Filter>
    </ClInclude>
    <ClInclude Include="GLHelper\MeshGLEnv.h">
      <Filter>Header Files</Filter>
    </ClInclude>
    <ClInclude Include="io\io_simuPlane.h">
      <Filter>Header Files</Filter>
    </ClInclude>
    <ClInclude Include="plugin\PluginInterface.h">
      <Filter>Header Files</Filter>
    </ClInclude>
    <ClInclude Include="util\ArcBall.h">
      <Filter>Header Files</Filter>
    </ClInclude>
    <ClInclude Include="util\emxCamera.h">
      <Filter>Header Files</Filter>
    </ClInclude>
    <ClInclude Include="util\HsvToRgb.h">
      <Filter>Header Files</Filter>
    </ClInclude>
    <ClInclude Include="util\PredictionIndex.h">
      <Filter>Header Files</Filter>
    </ClInclude>
    <ClInclude Include="util\Quaternion.h">
      <Filter>Header Files</Filter>
    </ClInclude>
    <ClInclude Include="Model\abstractModel.h">
      <Filter>Header Files</Filter>
    </ClInclude>
    <ClInclude Include="Model\cityModel\cityModel.h">
      <Filter>Header Files</Filter>
    </ClInclude>
    <ClInclude Include="Model\abstractModelFactory.h">
      <Filter>Header Files</Filter>
    </ClInclude>
    <ClInclude Include="Model\cityModel\cityModelFactory.h">
      <Filter>Header Files</Filter>
    </ClInclude>
    <ClInclude Include="Model\modelManager.h">
      <Filter>Header Files</Filter>
    </ClInclude>
    <ClInclude Include="visualData\visualModelItem.h">
      <Filter>Header Files</Filter>
    </ClInclude>
    <ClInclude Include="observer\modelSubject.h">
      <Filter>Header Files</Filter>
    </ClInclude>
    <ClInclude Include="Model\cityModel\cityLocalModel.h">
      <Filter>Header Files</Filter>
    </ClInclude>
    <ClInclude Include="Computation\computeManager.h">
      <Filter>Header Files</Filter>
    </ClInclude>
    <ClInclude Include="Material\materialManager.h">
      <Filter>Header Files</Filter>
    </ClInclude>
    <ClInclude Include="util\emxRenderUtility.h">
      <Filter>Header Files</Filter>
    </ClInclude>
    <ClInclude Include="observer\modelObserver.h">
      <Filter>Header Files</Filter>
    </ClInclude>
    <ClInclude Include="visualData\visualAntennaItem.h">
      <Filter>Header Files</Filter>
    </ClInclude>
    <ClInclude Include="observer\antennaSubject.h">
      <Filter>Header Files</Filter>
    </ClInclude>
    <ClInclude Include="observer\antennaObserver.h">
      <Filter>Header Files</Filter>
    </ClInclude>
    <ClInclude Include="ui\scsGLWidget.h">
      <Filter>Header Files</Filter>
    </ClInclude>
    <ClInclude Include="ui\scsSimuPlaneGLWidget.h">
      <Filter>Header Files</Filter>
    </ClInclude>
  </ItemGroup>
  <ItemGroup>
    <CustomBuild Include="glWidget.h">
      <Filter>Header Files</Filter>
    </CustomBuild>
    <CustomBuild Include="ui\outdoorFile.h">
      <Filter>Header Files</Filter>
    </CustomBuild>
    <CustomBuild Include="ui\meshOption.h">
      <Filter>Header Files</Filter>
    </CustomBuild>
    <CustomBuild Include="ui\mainwindow.h">
      <Filter>Header Files</Filter>
    </CustomBuild>
    <CustomBuild Include="ui\InfoPage.h">
      <Filter>Header Files</Filter>
    </CustomBuild>
    <CustomBuild Include="ui\computerOptionDialog.h">
      <Filter>Header Files</Filter>
    </CustomBuild>
    <CustomBuild Include="ui\computeOptionPage.h">
      <Filter>Header Files</Filter>
    </CustomBuild>
    <CustomBuild Include="mainwindow.ui" />
    <CustomBuild Include="outdoorFile.ui" />
    <CustomBuild Include="ui\tree\scsTree.h">
      <Filter>Header Files</Filter>
    </CustomBuild>
    <CustomBuild Include="ui\tree\scsTreeItem.h">
      <Filter>Header Files</Filter>
    </CustomBuild>
    <CustomBuild Include="ui\tree\scsModelTree.h">
      <Filter>Header Files</Filter>
    </CustomBuild>
    <CustomBuild Include="ui\tree\scsTreeWidget.h">
      <Filter>Header Files</Filter>
    </CustomBuild>
    <CustomBuild Include="ui\scsModelTable.h">
      <Filter>Header Files</Filter>
    </CustomBuild>
  </ItemGroup>
  <ItemGroup>
    <None Include="ImageFIle\StartExe\start.png">
      <Filter>Resource Files</Filter>
    </None>
  </ItemGroup>
</Project>