<?xml version="1.0" encoding="utf-8"?>
<Project ToolsVersion="4.0" xmlns="http://schemas.microsoft.com/developer/msbuild/2003">
  <ItemGroup>
    <ClCompile Include="Container\EFieldContainer.cpp" />
    <ClCompile Include="Container\ModelContainer.cpp" />
    <ClCompile Include="Container\SitesContainer.cpp" />
    <ClCompile Include="Correction\MearsuredData.cpp" />
    <ClCompile Include="GeneratedFiles\Debug\moc_catalogWidget.cpp" />
    <ClCompile Include="Model\abstractGlobalModel\abstractGlobalModel.cpp" />
    <ClCompile Include="Model\abstractLocalModel\abstractLocalModel.cpp" />
    <ClCompile Include="Model\cityModel\cityLocalModelFactory.cpp" />
    <ClCompile Include="Model\OBJModel\objLocalModel.cpp" />
    <ClCompile Include="Model\OBJModel\objLocalModelFactory.cpp" />
    <ClCompile Include="Model\OBJModel\objModel.cpp" />
    <ClCompile Include="Model\OBJModel\objModelFactory.cpp" />
    <ClCompile Include="observer\LocalModelSubject.cpp" />
    <ClCompile Include="Manager\Computation\computeManager.cpp" />
    <ClCompile Include="Context\context.cpp" />
    <ClCompile Include="GeneratedFiles\Debug\moc_computeOptionPage.cpp" />
    <ClCompile Include="GeneratedFiles\Debug\moc_computerOptionDialog.cpp" />
    <ClCompile Include="GeneratedFiles\Debug\moc_Document.cpp" />
    <ClCompile Include="GeneratedFiles\Debug\moc_glWidget.cpp" />
    <ClCompile Include="GeneratedFiles\Debug\moc_InfoPage.cpp" />
    <ClCompile Include="GeneratedFiles\Debug\moc_mainwindow.cpp" />
    <ClCompile Include="GeneratedFiles\Debug\moc_meshOption.cpp" />
    <ClCompile Include="GeneratedFiles\Debug\moc_outdoorFile.cpp" />
    <ClCompile Include="GeneratedFiles\Debug\moc_scatterWidget.cpp" />
    <ClCompile Include="GeneratedFiles\Debug\moc_scsGLWidget.cpp" />
    <ClCompile Include="GeneratedFiles\Debug\moc_scsModelTable.cpp" />
    <ClCompile Include="GeneratedFiles\Debug\moc_webPage.cpp" />
    <ClCompile Include="GeneratedFiles\qrc_mainwindow.cpp" />
    <ClCompile Include="GeneratedFiles\Release\moc_computeOptionPage.cpp" />
    <ClCompile Include="GeneratedFiles\Release\moc_computerOptionDialog.cpp" />
    <ClCompile Include="GeneratedFiles\Release\moc_Document.cpp" />
    <ClCompile Include="GeneratedFiles\Release\moc_glWidget.cpp" />
    <ClCompile Include="GeneratedFiles\Release\moc_InfoPage.cpp" />
    <ClCompile Include="GeneratedFiles\Release\moc_mainwindow.cpp" />
    <ClCompile Include="GeneratedFiles\Release\moc_meshOption.cpp" />
    <ClCompile Include="GeneratedFiles\Release\moc_outdoorFile.cpp" />
    <ClCompile Include="GeneratedFiles\Release\moc_scatterWidget.cpp" />
    <ClCompile Include="GeneratedFiles\Release\moc_scsModelTable.cpp" />
    <ClCompile Include="GeneratedFiles\Release\moc_webPage.cpp" />
    <ClCompile Include="geometry\emxBBoxD.cpp" />
    <ClCompile Include="geometry\emxFace.cpp" />
    <ClCompile Include="geometry\emxModel.cpp" />
    <ClCompile Include="geometry\emxVertex.cpp" />
    <ClCompile Include="geometry\SphereBeam.cpp" />
    <ClCompile Include="glWidget.cpp" />
    <ClCompile Include="Manager\Id\ModelIdManager.cpp" />
    <ClCompile Include="io\io_simuPlane.cpp" />
    <ClCompile Include="main.cpp" />
    <ClCompile Include="Manager\Material\materialManager.cpp" />
    <ClCompile Include="Model\abstractModel\abstractModel.cpp" />
    <ClCompile Include="Model\abstractModel\abstractModelFactory.cpp" />
    <ClCompile Include="Model\cityModel\cityLocalModel.cpp" />
    <ClCompile Include="Model\cityModel\cityModelFactory.cpp" />
    <ClCompile Include="Model\cityModel\cityModel.cpp" />
    <ClCompile Include="Manager\Model\modelManager.cpp" />
    <ClCompile Include="observer\antennaSubject.cpp" />
    <ClCompile Include="observer\modelSubject.cpp" />
    <ClCompile Include="observer\PluginSubject.cpp" />
    <ClCompile Include="observer\SiteCellSubject.cpp" />
    <ClCompile Include="ui\catalogWidget\catalogWidget.cpp" />
    <ClCompile Include="ui\computeOptionPage.cpp" />
    <ClCompile Include="ui\computerOptionDialog.cpp" />
    <ClCompile Include="ui\InfoPage.cpp" />
    <ClCompile Include="ui\mainwindow.cpp" />
    <ClCompile Include="ui\meshOption.cpp" />
    <ClCompile Include="ui\outdoorFile.cpp" />
    <ClCompile Include="ui\scatterWidget\correctWidget.cpp" />
    <ClCompile Include="ui\scatterWidget\Document.cpp" />
    <ClCompile Include="ui\scatterWidget\scatterWidget.cpp" />
    <ClCompile Include="ui\scsGLWidget.cpp" />
    <ClCompile Include="ui\scsLocalModelGLWidget.cpp" />
    <ClCompile Include="ui\scsModelTable.cpp" />
    <ClCompile Include="ui\scsSimuPlaneGLWidget.cpp" />
    <ClCompile Include="util\ArcBall.cpp" />
    <ClCompile Include="util\emxCamera.cpp" />
    <ClCompile Include="util\HsvToRgb.cpp" />
    <ClCompile Include="util\Quaternion.cpp" />
    <ClCompile Include="visualData\visualAntennaItem.cpp" />
    <ClCompile Include="visualData\visualModelItem.cpp" />
    <ClCompile Include="Manager\visualManager\visualManager.cpp" />
    <ClCompile Include="visualData\LocalModelItem.cpp" />
    <ClCompile Include="visualData\visualPluginItem.cpp" />
    <ClCompile Include="visualData\visualResultItem.cpp" />
    <ClCompile Include="ui\GLWidget\scsGlobalGL.cpp">
      <Filter>Source Files</Filter>
    </ClCompile>
    <ClCompile Include="ui\GLWidget\scsPlaneGL.cpp">
      <Filter>Source Files</Filter>
    </ClCompile>
    <ClCompile Include="util\dclist.cpp">
      <Filter>Source Files</Filter>
    </ClCompile>
    <ClCompile Include="GeneratedFiles\Release\moc_catalogWidget.cpp">
      <Filter>Source Files</Filter>
    </ClCompile>
    <ClCompile Include="GeneratedFiles\Release\moc_scsGLWidget.cpp">
      <Filter>Source Files</Filter>
    </ClCompile>
  </ItemGroup>
  <ItemGroup>
    <ClInclude Include="Container\EFieldContainer.h" />
    <ClInclude Include="Container\ModelContainer.h" />
    <ClInclude Include="Container\SitesContainer.h" />
    <ClInclude Include="Correction\MearsuredData.h" />
    <ClInclude Include="GeneratedFiles\ui_correctionWidget.h" />
    <ClInclude Include="GeneratedFiles\ui_echartsWidget.h" />
    <ClInclude Include="GeneratedFiles\ui_saveResultDialog.h" />
    <ClInclude Include="GeneratedFiles\ui_scatterDialog.h" />
    <ClInclude Include="Model\abstractGlobalModel\abstractGlobalModel.h" />
    <ClInclude Include="Model\abstractGlobalModel\abstractGlobalModelFactory.h" />
    <ClInclude Include="Model\abstractLocalModel\abstractLocalModel.h" />
    <ClInclude Include="Model\abstractLocalModel\abstractLocalModelFactory.h" />
    <ClInclude Include="Model\cityModel\cityLocalModelFactory.h" />
    <ClInclude Include="Model\OBJModel\objLocalModel.h" />
    <ClInclude Include="Model\OBJModel\objLocalModelFactory.h" />
    <ClInclude Include="Model\OBJModel\objModel.h" />
    <ClInclude Include="Model\OBJModel\objModelFactory.h" />
    <ClInclude Include="observer\LocalModelSubject.h" />
    <ClInclude Include="Manager\Id\ModelIdManager.h" />
    <ClInclude Include="observer\LocalModelObserver.h" />
    <ClInclude Include="observer\PluginObserver.h" />
    <ClInclude Include="observer\PluginSubject.h" />
    <ClInclude Include="observer\SiteCellObserver.h" />
    <ClInclude Include="observer\SiteCellSubject.h" />
    <ClInclude Include="resource.h" />
    <ClInclude Include="Manager\visualManager\visualManager.h" />
    <ClInclude Include="ui\scatterWidget\correctWidget.h" />
    <ClInclude Include="visualData\visualPluginItem.h" />
    <ClInclude Include="visualData\visualResultItem.h" />
    <ClInclude Include="ui\scsLocalModelGLWidget.h" />
    <ClInclude Include="visualData\LocalModelItem.h" />
    <ClInclude Include="ui\GLWidget\scsGlobalGL.h">
      <Filter>Header Files</Filter>
    </ClInclude>
    <ClInclude Include="ui\GLWidget\scsPlaneGL.h">
      <Filter>Header Files</Filter>
    </ClInclude>
    <ClInclude Include="util\dclist.h">
      <Filter>Header Files</Filter>
    </ClInclude>
  </ItemGroup>
  <ItemGroup>
    <CustomBuild Include="Manager\Computation\computeManager.h" />
    <CustomBuild Include="Context\context.h" />
    <CustomBuild Include="GeneratedFiles\ui_mainwindow.h" />
    <CustomBuild Include="GeneratedFiles\ui_outdoorFile.h" />
    <CustomBuild Include="geometry\dataStruct.h" />
    <CustomBuild Include="geometry\emxBBoxD.h" />
    <CustomBuild Include="geometry\emxFace.h" />
    <CustomBuild Include="geometry\emxModel.h" />
    <CustomBuild Include="geometry\emxPoint.h" />
    <CustomBuild Include="geometry\emxRayD.h" />
    <CustomBuild Include="geometry\emxVertex.h" />
    <CustomBuild Include="geometry\SphereBeam.h" />
    <CustomBuild Include="GLHelper\MeshGLEnv.h" />
    <CustomBuild Include="Manager\Material\materialManager.h" />
    <CustomBuild Include="Model\abstractModel\abstractModel.h" />
    <CustomBuild Include="Model\abstractModel\abstractModelFactory.h" />
    <CustomBuild Include="observer\antennaObserver.h" />
    <CustomBuild Include="observer\antennaSubject.h" />
    <CustomBuild Include="observer\modelSubject.h" />
    <CustomBuild Include="ui\scsModelTable.h" />
    <CustomBuild Include="ui\scsGLWidget.h" />
    <CustomBuild Include="ui\scsSimuPlaneGLWidget.h" />
    <CustomBuild Include="util\emxRenderUtility.h" />
    <CustomBuild Include="visualData\visualAntennaItem.h" />
    <CustomBuild Include="visualData\visualModelItem.h" />
    <CustomBuild Include="glWidget.h" />
    <CustomBuild Include="io\io_simuPlane.h" />
    <CustomBuild Include="Model\cityModel\cityModelFactory.h" />
    <CustomBuild Include="Model\cityModel\cityLocalModel.h" />
    <CustomBuild Include="Model\cityModel\cityModel.h" />
    <CustomBuild Include="Manager\Model\modelManager.h" />
    <CustomBuild Include="observer\modelObserver.h" />
    <CustomBuild Include="plugin\PluginInterface.h" />
    <CustomBuild Include="util\ArcBall.h" />
    <CustomBuild Include="util\emxCamera.h" />
    <CustomBuild Include="util\HsvToRgb.h" />
    <CustomBuild Include="util\PredictionIndex.h" />
    <CustomBuild Include="util\Quaternion.h" />
    <CustomBuild Include="ui\outdoorFile.h" />
    <CustomBuild Include="ui\meshOption.h" />
    <CustomBuild Include="ui\mainwindow.h" />
    <CustomBuild Include="ui\InfoPage.h" />
    <CustomBuild Include="ui\computerOptionDialog.h" />
    <CustomBuild Include="ui\computeOptionPage.h" />
    <CustomBuild Include="ImageFIle\StartExe\start.png" />
    <CustomBuild Include="mainwindow.ui" />
    <CustomBuild Include="outdoorFile.ui" />
    <CustomBuild Include="Resources\scatter.ico" />
    <CustomBuild Include="mainwindow.qrc" />
    <CustomBuild Include="ui\catalogWidget\catalogWidget.h" />
    <CustomBuild Include="ui\scatterWidget\scatterWidget.h" />
    <CustomBuild Include="ui\scatterWidget\webPage.h" />
    <CustomBuild Include="ui\scatterWidget\Document.h" />
    <CustomBuild Include="echartsWidget.ui" />
    <CustomBuild Include="scatterDialog.ui" />
    <CustomBuild Include="saveResultDialog.ui" />
    <CustomBuild Include="correctionWidget.ui" />
  </ItemGroup>
  <ItemGroup>
    <ResourceCompile Include="SCS_openMesh.rc" />
  </ItemGroup>
  <ItemGroup>
    <Image Include="Resources\face.ico" />
    <Image Include="Resources\line.ico" />
    <Image Include="Resources\pluginInsert.ico" />
    <Image Include="Resources\point.ico" />
    <Image Include="Resources\run.ico" />
  </ItemGroup>
  <ItemGroup>
    <Filter Include="Header Files">
      <UniqueIdentifier>{93995380-89BD-4b04-88EB-625FBE52EBFB}</UniqueIdentifier>
      <Extensions>h</Extensions>
      <ParseFiles>true</ParseFiles>
    </Filter>
    <Filter Include="Source Files">
      <UniqueIdentifier>{4FC737F1-C7A5-4376-A066-2A32D752A2FF}</UniqueIdentifier>
      <Extensions>cpp;cxx;c;def</Extensions>
      <ParseFiles>true</ParseFiles>
    </Filter>
  </ItemGroup>
</Project>